{
  "name": "encuestao",
  "version": "1.0.0",
  "lockfileVersion": 1,
  "requires": true,
  "dependencies": {
    "angular": {
      "version": "1.6.8",
      "resolved": "https://registry.npmjs.org/angular/-/angular-1.6.8.tgz",
      "integrity": "sha512-9WErZIOw1Cu1V5Yxdvxz/6YpND8ntdP71fdPpufPFJvZodZXqCjQBYrHqEoMZreO5i84O3D/Jw/vepoFt68Azw=="
    },
    "bootstrap": {
      "version": "4.0.0",
      "resolved": "https://registry.npmjs.org/bootstrap/-/bootstrap-4.0.0.tgz",
      "integrity": "sha512-gulJE5dGFo6Q61V/whS6VM4WIyrlydXfCgkE+Gxe5hjrJ8rXLLZlALq7zq2RPhOc45PSwQpJkrTnc2KgD6cvmA=="
    },
    "dom7": {
      "version": "2.0.1",
      "resolved": "https://registry.npmjs.org/dom7/-/dom7-2.0.1.tgz",
      "integrity": "sha512-JwxgbCMasGW7pthSc0qRufkuZ6RAw9vZ66GSkcq2e+zpjFIGfXFMABdXpXrnItAQGd4zfj8vOfTI8wbZD1uSrQ=="
    },
    "font-awesome": {
      "version": "4.7.0",
      "resolved": "https://registry.npmjs.org/font-awesome/-/font-awesome-4.7.0.tgz",
      "integrity": "sha1-j6jPBBGhoxr9B7BtKQK7n8gVoTM="
    },
    "jquery": {
      "version": "3.3.1",
      "resolved": "https://registry.npmjs.org/jquery/-/jquery-3.3.1.tgz",
      "integrity": "sha512-Ubldcmxp5np52/ENotGxlLe6aGMvmF4R8S6tZjsP6Knsaxd/xp3Zrh50cG93lR6nPXyUFwzN3ZSOQI0wRJNdGg=="
    },
    "swiper": {
      "version": "4.1.0",
      "resolved": "https://registry.npmjs.org/swiper/-/swiper-4.1.0.tgz",
      "integrity": "sha512-Qoj+zQOuC0KIkgNkjynV3yp8lqEF9o8gzTy6/Zt1KcVgxl8hDNtSjGw8zObOIJF5/uGatobNd7ssBeMVzKzy1w==",
      "requires": {
        "dom7": "2.0.1"
      }
    }
  }
}
